
Microsoft Visual Studio Solution File, Format Version 12.00
# Visual Studio 2012
Project("{FAE04EC0-301F-11D3-BF4B-00C04F79EFBC}") = "LuaBintils", "LuaBintils\LuaBintils.csproj", "{B188E53E-778E-4563-9510-09C25D522511}"
EndProject
Project("{FAE04EC0-301F-11D3-BF4B-00C04F79EFBC}") = "Test", "Test\Test.csproj", "{F67BF82A-48D3-4E6B-A216-3EF870C6D5E3}"
EndProject
Project("{FAE04EC0-301F-11D3-BF4B-00C04F79EFBC}") = "LuaVM", "LuaVM\LuaVM.csproj", "{B5CF183D-13D0-49C8-8BDC-9EBFB78461C7}"
EndProject
Global
	GlobalSection(SolutionConfigurationPlatforms) = preSolution
		Debug|Any CPU = Debug|Any CPU
		Release|Any CPU = Release|Any CPU
	EndGlobalSection
	GlobalSection(ProjectConfigurationPlatforms) = postSolution
		{B188E53E-778E-4563-9510-09C25D522511}.Debug|Any CPU.ActiveCfg = Debug|Any CPU
		{B188E53E-778E-4563-9510-09C25D522511}.Debug|Any CPU.Build.0 = Debug|Any CPU
		{B188E53E-778E-4563-9510-09C25D522511}.Release|Any CPU.ActiveCfg = Release|Any CPU
		{B188E53E-778E-4563-9510-09C25D522511}.Release|Any CPU.Build.0 = Release|Any CPU
		{F67BF82A-48D3-4E6B-A216-3EF870C6D5E3}.Debug|Any CPU.ActiveCfg = Debug|Any CPU
		{F67BF82A-48D3-4E6B-A216-3EF870C6D5E3}.Debug|Any CPU.Build.0 = Debug|Any CPU
		{F67BF82A-48D3-4E6B-A216-3EF870C6D5E3}.Release|Any CPU.ActiveCfg = Release|Any CPU
		{F67BF82A-48D3-4E6B-A216-3EF870C6D5E3}.Release|Any CPU.Build.0 = Release|Any CPU
		{B5CF183D-13D0-49C8-8BDC-9EBFB78461C7}.Debug|Any CPU.ActiveCfg = Debug|Any CPU
		{B5CF183D-13D0-49C8-8BDC-9EBFB78461C7}.Debug|Any CPU.Build.0 = Debug|Any CPU
		{B5CF183D-13D0-49C8-8BDC-9EBFB78461C7}.Release|Any CPU.ActiveCfg = Release|Any CPU
		{B5CF183D-13D0-49C8-8BDC-9EBFB78461C7}.Release|Any CPU.Build.0 = Release|Any CPU
	EndGlobalSection
	GlobalSection(SolutionProperties) = preSolution
		HideSolutionNode = FALSE
	EndGlobalSection
EndGlobal
